
Microsoft Visual Studio Solution File, Format Version 12.00
# Visual Studio Version 17
VisualStudioVersion = 17.14.37203.1
MinimumVisualStudioVersion = 10.0.40219.1
Project("{FAE04EC0-301F-11D3-BF4B-00C04F79EFBC}") = "CSharpConsoleApp", "CSharpConsoleApp\CSharpConsoleApp.csproj", "{8608B5B1-99F6-4576-9D88-22B996465A62}"
EndProject
Project("{FAE04EC0-301F-11D3-BF4B-00C04F79EFBC}") = "DemoLibrary", "DemoLibrary\DemoLibrary.csproj", "{9D843425-13EF-4927-8E65-1A717330AFAC}"
EndProject
Project("{FAE04EC0-301F-11D3-BF4B-00C04F79EFBC}") = "InterfaceLibrary", "InterfaceLibrary\InterfaceLibrary.csproj", "{03DC0215-5748-4A9C-B144-3B47594AA270}"
EndProject
Project("{FAE04EC0-301F-11D3-BF4B-00C04F79EFBC}") = "HRWinFormsApp", "HRWinFormsApp\HRWinFormsApp.csproj", "{581BEC40-7349-416F-9C63-ADF4D113F5C6}"
EndProject
Project("{FAE04EC0-301F-11D3-BF4B-00C04F79EFBC}") = "NorthwindDbLibrary", "NorthwindDbLibrary\NorthwindDbLibrary.csproj", "{A723842A-0534-4CE1-81D9-45FAACB008F1}"
EndProject
Project("{FAE04EC0-301F-11D3-BF4B-00C04F79EFBC}") = "PersonalverwaltungWpfApp", "PersonalverwaltungWpfApp\PersonalverwaltungWpfApp.csproj", "{406AD390-377F-4B17-B3C8-16C396022333}"
EndProject
Project("{FAE04EC0-301F-11D3-BF4B-00C04F79EFBC}") = "DemoLibraryTestProjekt", "DemoLibraryTestProjekt\DemoLibraryTestProjekt.csproj", "{237A52EF-D0B7-4B44-9B12-7EE923ECC9DC}"
EndProject
Global
	GlobalSection(SolutionConfigurationPlatforms) = preSolution
		Debug|Any CPU = Debug|Any CPU
		Release|Any CPU = Release|Any CPU
	EndGlobalSection
	GlobalSection(ProjectConfigurationPlatforms) = postSolution
		{8608B5B1-99F6-4576-9D88-22B996465A62}.Debug|Any CPU.ActiveCfg = Debug|Any CPU
		{8608B5B1-99F6-4576-9D88-22B996465A62}.Debug|Any CPU.Build.0 = Debug|Any CPU
		{8608B5B1-99F6-4576-9D88-22B996465A62}.Release|Any CPU.ActiveCfg = Release|Any CPU
		{8608B5B1-99F6-4576-9D88-22B996465A62}.Release|Any CPU.Build.0 = Release|Any CPU
		{9D843425-13EF-4927-8E65-1A717330AFAC}.Debug|Any CPU.ActiveCfg = Debug|Any CPU
		{9D843425-13EF-4927-8E65-1A717330AFAC}.Debug|Any CPU.Build.0 = Debug|Any CPU
		{9D843425-13EF-4927-8E65-1A717330AFAC}.Release|Any CPU.ActiveCfg = Release|Any CPU
		{9D843425-13EF-4927-8E65-1A717330AFAC}.Release|Any CPU.Build.0 = Release|Any CPU
		{03DC0215-5748-4A9C-B144-3B47594AA270}.Debug|Any CPU.ActiveCfg = Debug|Any CPU
		{03DC0215-5748-4A9C-B144-3B47594AA270}.Debug|Any CPU.Build.0 = Debug|Any CPU
		{03DC0215-5748-4A9C-B144-3B47594AA270}.Release|Any CPU.ActiveCfg = Release|Any CPU
		{03DC0215-5748-4A9C-B144-3B47594AA270}.Release|Any CPU.Build.0 = Release|Any CPU
		{581BEC40-7349-416F-9C63-ADF4D113F5C6}.Debug|Any CPU.ActiveCfg = Debug|Any CPU
		{581BEC40-7349-416F-9C63-ADF4D113F5C6}.Debug|Any CPU.Build.0 = Debug|Any CPU
		{581BEC40-7349-416F-9C63-ADF4D113F5C6}.Release|Any CPU.ActiveCfg = Release|Any CPU
		{581BEC40-7349-416F-9C63-ADF4D113F5C6}.Release|Any CPU.Build.0 = Release|Any CPU
		{A723842A-0534-4CE1-81D9-45FAACB008F1}.Debug|Any CPU.ActiveCfg = Debug|Any CPU
		{A723842A-0534-4CE1-81D9-45FAACB008F1}.Debug|Any CPU.Build.0 = Debug|Any CPU
		{A723842A-0534-4CE1-81D9-45FAACB008F1}.Release|Any CPU.ActiveCfg = Release|Any CPU
		{A723842A-0534-4CE1-81D9-45FAACB008F1}.Release|Any CPU.Build.0 = Release|Any CPU
		{406AD390-377F-4B17-B3C8-16C396022333}.Debug|Any CPU.ActiveCfg = Debug|Any CPU
		{406AD390-377F-4B17-B3C8-16C396022333}.Debug|Any CPU.Build.0 = Debug|Any CPU
		{406AD390-377F-4B17-B3C8-16C396022333}.Release|Any CPU.ActiveCfg = Release|Any CPU
		{406AD390-377F-4B17-B3C8-16C396022333}.Release|Any CPU.Build.0 = Release|Any CPU
		{237A52EF-D0B7-4B44-9B12-7EE923ECC9DC}.Debug|Any CPU.ActiveCfg = Debug|Any CPU
		{237A52EF-D0B7-4B44-9B12-7EE923ECC9DC}.Debug|Any CPU.Build.0 = Debug|Any CPU
		{237A52EF-D0B7-4B44-9B12-7EE923ECC9DC}.Release|Any CPU.ActiveCfg = Release|Any CPU
		{237A52EF-D0B7-4B44-9B12-7EE923ECC9DC}.Release|Any CPU.Build.0 = Release|Any CPU
	EndGlobalSection
	GlobalSection(SolutionProperties) = preSolution
		HideSolutionNode = FALSE
	EndGlobalSection
	GlobalSection(ExtensibilityGlobals) = postSolution
		SolutionGuid = {5F148138-D886-4157-8BCE-967D2FC889CB}
	EndGlobalSection
EndGlobal
