
Microsoft Visual Studio Solution File, Format Version 12.00
# Visual Studio Version 17
VisualStudioVersion = 17.14.36109.1
MinimumVisualStudioVersion = 10.0.40219.1
Project("{FAE04EC0-301F-11D3-BF4B-00C04F79EFBC}") = "ConsoleApp", "ConsoleApp\ConsoleApp.csproj", "{A3A16003-583F-47EC-B57A-28AF2798FBA6}"
EndProject
Project("{FAE04EC0-301F-11D3-BF4B-00C04F79EFBC}") = "EventsApp", "EventsApp\EventsApp.csproj", "{855E1CA9-B55B-4D65-8887-AA7F4D85B777}"
EndProject
Project("{FAE04EC0-301F-11D3-BF4B-00C04F79EFBC}") = "WpfApp", "WpfApp\WpfApp.csproj", "{448D043B-9E80-4BEB-95AA-17E229CA96DC}"
EndProject
Project("{FAE04EC0-301F-11D3-BF4B-00C04F79EFBC}") = "DemoLibrary", "DemoLibrary\DemoLibrary.csproj", "{777F8C45-1CC9-4A16-B267-2FECB83CD05E}"
EndProject
Project("{FAE04EC0-301F-11D3-BF4B-00C04F79EFBC}") = "TestProject", "TestProject\TestProject.csproj", "{6681CEFF-189A-4BBB-A97A-A38B674B7D06}"
EndProject
Project("{FAE04EC0-301F-11D3-BF4B-00C04F79EFBC}") = "InterfaceLibrary", "InterfaceLibrary\InterfaceLibrary.csproj", "{313403F7-E4E7-4758-A197-83D0A811DBD4}"
EndProject
Project("{FAE04EC0-301F-11D3-BF4B-00C04F79EFBC}") = "InterfaceApp", "InterfaceApp\InterfaceApp.csproj", "{1A4130AE-D833-43D5-BB0B-7C2F84F38C6C}"
EndProject
Project("{FAE04EC0-301F-11D3-BF4B-00C04F79EFBC}") = "ThreadingDemoApp", "ThreadingDemoApp\ThreadingDemoApp.csproj", "{BF3B8420-3D6B-43C7-BF11-6EECF39D567A}"
EndProject
Project("{FAE04EC0-301F-11D3-BF4B-00C04F79EFBC}") = "AsyncWinFormsApp", "AsyncWinFormsApp\AsyncWinFormsApp.csproj", "{8BE5AA5D-713A-4743-BD8F-ED6B2582BEDB}"
EndProject
Project("{FAE04EC0-301F-11D3-BF4B-00C04F79EFBC}") = "WebApp", "WebApp\WebApp.csproj", "{CED0E204-CC8E-41A4-8020-CA0ACA4E1A84}"
EndProject
Project("{FAE04EC0-301F-11D3-BF4B-00C04F79EFBC}") = "BlazorApp", "BlazorApp\BlazorApp.csproj", "{768E12C5-5034-4D7C-BF58-92DBD19117EC}"
EndProject
Project("{FAE04EC0-301F-11D3-BF4B-00C04F79EFBC}") = "MauiDemoApp", "MauiDemoApp\MauiDemoApp.csproj", "{7629327B-420E-49A2-8FB3-61F36A49B907}"
EndProject
Global
	GlobalSection(SolutionConfigurationPlatforms) = preSolution
		Debug|Any CPU = Debug|Any CPU
		Release|Any CPU = Release|Any CPU
	EndGlobalSection
	GlobalSection(ProjectConfigurationPlatforms) = postSolution
		{A3A16003-583F-47EC-B57A-28AF2798FBA6}.Debug|Any CPU.ActiveCfg = Debug|Any CPU
		{A3A16003-583F-47EC-B57A-28AF2798FBA6}.Debug|Any CPU.Build.0 = Debug|Any CPU
		{A3A16003-583F-47EC-B57A-28AF2798FBA6}.Release|Any CPU.ActiveCfg = Release|Any CPU
		{A3A16003-583F-47EC-B57A-28AF2798FBA6}.Release|Any CPU.Build.0 = Release|Any CPU
		{855E1CA9-B55B-4D65-8887-AA7F4D85B777}.Debug|Any CPU.ActiveCfg = Debug|Any CPU
		{855E1CA9-B55B-4D65-8887-AA7F4D85B777}.Debug|Any CPU.Build.0 = Debug|Any CPU
		{855E1CA9-B55B-4D65-8887-AA7F4D85B777}.Release|Any CPU.ActiveCfg = Release|Any CPU
		{855E1CA9-B55B-4D65-8887-AA7F4D85B777}.Release|Any CPU.Build.0 = Release|Any CPU
		{448D043B-9E80-4BEB-95AA-17E229CA96DC}.Debug|Any CPU.ActiveCfg = Debug|Any CPU
		{448D043B-9E80-4BEB-95AA-17E229CA96DC}.Debug|Any CPU.Build.0 = Debug|Any CPU
		{448D043B-9E80-4BEB-95AA-17E229CA96DC}.Release|Any CPU.ActiveCfg = Release|Any CPU
		{448D043B-9E80-4BEB-95AA-17E229CA96DC}.Release|Any CPU.Build.0 = Release|Any CPU
		{777F8C45-1CC9-4A16-B267-2FECB83CD05E}.Debug|Any CPU.ActiveCfg = Debug|Any CPU
		{777F8C45-1CC9-4A16-B267-2FECB83CD05E}.Debug|Any CPU.Build.0 = Debug|Any CPU
		{777F8C45-1CC9-4A16-B267-2FECB83CD05E}.Release|Any CPU.ActiveCfg = Release|Any CPU
		{777F8C45-1CC9-4A16-B267-2FECB83CD05E}.Release|Any CPU.Build.0 = Release|Any CPU
		{6681CEFF-189A-4BBB-A97A-A38B674B7D06}.Debug|Any CPU.ActiveCfg = Debug|Any CPU
		{6681CEFF-189A-4BBB-A97A-A38B674B7D06}.Debug|Any CPU.Build.0 = Debug|Any CPU
		{6681CEFF-189A-4BBB-A97A-A38B674B7D06}.Release|Any CPU.ActiveCfg = Release|Any CPU
		{6681CEFF-189A-4BBB-A97A-A38B674B7D06}.Release|Any CPU.Build.0 = Release|Any CPU
		{313403F7-E4E7-4758-A197-83D0A811DBD4}.Debug|Any CPU.ActiveCfg = Debug|Any CPU
		{313403F7-E4E7-4758-A197-83D0A811DBD4}.Debug|Any CPU.Build.0 = Debug|Any CPU
		{313403F7-E4E7-4758-A197-83D0A811DBD4}.Release|Any CPU.ActiveCfg = Release|Any CPU
		{313403F7-E4E7-4758-A197-83D0A811DBD4}.Release|Any CPU.Build.0 = Release|Any CPU
		{1A4130AE-D833-43D5-BB0B-7C2F84F38C6C}.Debug|Any CPU.ActiveCfg = Debug|Any CPU
		{1A4130AE-D833-43D5-BB0B-7C2F84F38C6C}.Debug|Any CPU.Build.0 = Debug|Any CPU
		{1A4130AE-D833-43D5-BB0B-7C2F84F38C6C}.Release|Any CPU.ActiveCfg = Release|Any CPU
		{1A4130AE-D833-43D5-BB0B-7C2F84F38C6C}.Release|Any CPU.Build.0 = Release|Any CPU
		{BF3B8420-3D6B-43C7-BF11-6EECF39D567A}.Debug|Any CPU.ActiveCfg = Debug|Any CPU
		{BF3B8420-3D6B-43C7-BF11-6EECF39D567A}.Debug|Any CPU.Build.0 = Debug|Any CPU
		{BF3B8420-3D6B-43C7-BF11-6EECF39D567A}.Release|Any CPU.ActiveCfg = Release|Any CPU
		{BF3B8420-3D6B-43C7-BF11-6EECF39D567A}.Release|Any CPU.Build.0 = Release|Any CPU
		{8BE5AA5D-713A-4743-BD8F-ED6B2582BEDB}.Debug|Any CPU.ActiveCfg = Debug|Any CPU
		{8BE5AA5D-713A-4743-BD8F-ED6B2582BEDB}.Debug|Any CPU.Build.0 = Debug|Any CPU
		{8BE5AA5D-713A-4743-BD8F-ED6B2582BEDB}.Release|Any CPU.ActiveCfg = Release|Any CPU
		{8BE5AA5D-713A-4743-BD8F-ED6B2582BEDB}.Release|Any CPU.Build.0 = Release|Any CPU
		{CED0E204-CC8E-41A4-8020-CA0ACA4E1A84}.Debug|Any CPU.ActiveCfg = Debug|Any CPU
		{CED0E204-CC8E-41A4-8020-CA0ACA4E1A84}.Debug|Any CPU.Build.0 = Debug|Any CPU
		{CED0E204-CC8E-41A4-8020-CA0ACA4E1A84}.Release|Any CPU.ActiveCfg = Release|Any CPU
		{CED0E204-CC8E-41A4-8020-CA0ACA4E1A84}.Release|Any CPU.Build.0 = Release|Any CPU
		{768E12C5-5034-4D7C-BF58-92DBD19117EC}.Debug|Any CPU.ActiveCfg = Debug|Any CPU
		{768E12C5-5034-4D7C-BF58-92DBD19117EC}.Debug|Any CPU.Build.0 = Debug|Any CPU
		{768E12C5-5034-4D7C-BF58-92DBD19117EC}.Release|Any CPU.ActiveCfg = Release|Any CPU
		{768E12C5-5034-4D7C-BF58-92DBD19117EC}.Release|Any CPU.Build.0 = Release|Any CPU
		{7629327B-420E-49A2-8FB3-61F36A49B907}.Debug|Any CPU.ActiveCfg = Debug|Any CPU
		{7629327B-420E-49A2-8FB3-61F36A49B907}.Debug|Any CPU.Build.0 = Debug|Any CPU
		{7629327B-420E-49A2-8FB3-61F36A49B907}.Debug|Any CPU.Deploy.0 = Debug|Any CPU
		{7629327B-420E-49A2-8FB3-61F36A49B907}.Release|Any CPU.ActiveCfg = Release|Any CPU
		{7629327B-420E-49A2-8FB3-61F36A49B907}.Release|Any CPU.Build.0 = Release|Any CPU
		{7629327B-420E-49A2-8FB3-61F36A49B907}.Release|Any CPU.Deploy.0 = Release|Any CPU
	EndGlobalSection
	GlobalSection(SolutionProperties) = preSolution
		HideSolutionNode = FALSE
	EndGlobalSection
	GlobalSection(ExtensibilityGlobals) = postSolution
		SolutionGuid = {D0BA4832-9941-4A6C-9B93-C11C170BABD5}
	EndGlobalSection
EndGlobal
